
Microsoft Visual Studio Solution File, Format Version 12.00
# Visual Studio Version 16
VisualStudioVersion = 16.0.31729.503
MinimumVisualStudioVersion = 10.0.40219.1
Project("{FAE04EC0-301F-11D3-BF4B-00C04F79EFBC}") = "TestePresentation", "Teste - Presentation\TestePresentation.csproj", "{F5653836-E14E-42E9-81C2-3AA57F712576}"
EndProject
Project("{9A19103F-16F7-4668-BE54-9A1E7A4F7556}") = "TesteApp", "TesteApp\TesteApp.csproj", "{4A641029-C5D0-4F4B-8ED4-44784F9BDCE7}"
EndProject
Global
	GlobalSection(SolutionConfigurationPlatforms) = preSolution
		Debug|Any CPU = Debug|Any CPU
		Release|Any CPU = Release|Any CPU
	EndGlobalSection
	GlobalSection(ProjectConfigurationPlatforms) = postSolution
		{F5653836-E14E-42E9-81C2-3AA57F712576}.Debug|Any CPU.ActiveCfg = Debug|Any CPU
		{F5653836-E14E-42E9-81C2-3AA57F712576}.Debug|Any CPU.Build.0 = Debug|Any CPU
		{F5653836-E14E-42E9-81C2-3AA57F712576}.Release|Any CPU.ActiveCfg = Release|Any CPU
		{F5653836-E14E-42E9-81C2-3AA57F712576}.Release|Any CPU.Build.0 = Release|Any CPU
		{4A641029-C5D0-4F4B-8ED4-44784F9BDCE7}.Debug|Any CPU.ActiveCfg = Debug|Any CPU
		{4A641029-C5D0-4F4B-8ED4-44784F9BDCE7}.Debug|Any CPU.Build.0 = Debug|Any CPU
		{4A641029-C5D0-4F4B-8ED4-44784F9BDCE7}.Release|Any CPU.ActiveCfg = Release|Any CPU
		{4A641029-C5D0-4F4B-8ED4-44784F9BDCE7}.Release|Any CPU.Build.0 = Release|Any CPU
	EndGlobalSection
	GlobalSection(SolutionProperties) = preSolution
		HideSolutionNode = FALSE
	EndGlobalSection
	GlobalSection(ExtensibilityGlobals) = postSolution
		SolutionGuid = {62631472-DA70-4FD7-92BE-60732D21C68E}
	EndGlobalSection
EndGlobal
